hash: 79ed24b05c36d683b8d9760c00ecd7029e4fe50e385959591e31e4d2f2f4b03c
updated: 2018-09-05T20:07:27.873511114+03:00
imports:
- name: github.com/dgrijalva/jwt-go
  version: 06ea1031745cb8b3dab3f6a236daf2b0aa468b7e
- name: github.com/go-redis/redis
  version: f3bba01df2026fc865f7782948845db9cf44cf23
  subpackages:
  - internal
  - internal/consistenthash
  - internal/hashtag
  - internal/pool
  - internal/proto
  - internal/singleflight
  - internal/util
- name: github.com/gorilla/context
  version: 08b5f424b9271eedf6f9f0ce86cb9396ed337a42
- name: github.com/gorilla/handlers
  version: 7e0847f9db758cdebd26c149d0ae9d5d0b9c98ce
- name: github.com/gorilla/mux
  version: e3702bed27f0d39777b0b37b664b6280e8ef8fbf
- name: github.com/gorilla/websocket
  version: 66b9c49e59c6c48f0ffce28c2d8b8a5678502c6d
- name: github.com/jinzhu/gorm
  version: 32455088f24d6b1e9a502fb8e40fdc16139dbea8
  subpackages:
  - dialects/postgres
- name: github.com/jinzhu/inflection
  version: 04140366298a54a039076d798123ffa108fff46c
- name: github.com/joho/godotenv
  version: 1709ab122c988931ad53508747b3c061400c2984
  subpackages:
  - autoload
- name: github.com/lib/pq
  version: 4ded0e9383f75c197b3a2aaa6d590ac52df6fd79
  subpackages:
  - hstore
  - oid
- name: github.com/nferruzzi/gormGIS
  version: 03632ffdc35f0d70fcb8397fd6610e451bcc4b1f
- name: github.com/pilu/fresh
  version: 9c0092493eff2825c3abf64e087b3383dec939c3
testImports: []
